
Microsoft Visual Studio Solution File, Format Version 11.00
# Visual Studio 2010
Project("{FAE04EC0-301F-11D3-BF4B-00C04F79EFBC}") = "FuSrv", "FuSrv\FuSrv.csproj", "{985FF692-96D8-4178-8D52-6302FFAFBE71}"
EndProject
Project("{54435603-DBB4-11D2-8724-00A0C9A8B90C}") = "FuSrvSetup", "FuSrvSetup\FuSrvSetup.vdproj", "{49C4AB0D-514B-4CC0-A128-5C4CD8B45570}"
EndProject
Project("{FAE04EC0-301F-11D3-BF4B-00C04F79EFBC}") = "FuService", "FuService\FuService.csproj", "{AE2E4C82-542F-411E-A6C9-B7575273C6CC}"
EndProject
Project("{FAE04EC0-301F-11D3-BF4B-00C04F79EFBC}") = "FuTest", "FuTest\FuTest.csproj", "{A7C3FE51-591C-4D04-A989-E34109BE6F5C}"
EndProject
Project("{FAE04EC0-301F-11D3-BF4B-00C04F79EFBC}") = "CCEncryptor", "CCEncryptor\CCEncryptor.csproj", "{642B19E3-D64F-4314-AB53-ACD48B4995AC}"
EndProject
Project("{FAE04EC0-301F-11D3-BF4B-00C04F79EFBC}") = "FuLib", "FuLib\FuLib.csproj", "{68C87139-A65C-466F-99AC-6271FE078AF0}"
EndProject
Project("{FAE04EC0-301F-11D3-BF4B-00C04F79EFBC}") = "FuSrvOC", "FuSrvOC\FuSrvOC.csproj", "{5E5310A4-3BD2-4D91-8610-AF7464614B3E}"
EndProject
Project("{FAE04EC0-301F-11D3-BF4B-00C04F79EFBC}") = "BLL", "BLL\BLL.csproj", "{02EB4852-346C-48E9-9E93-5D403B91A2B0}"
EndProject
Global
	GlobalSection(SolutionConfigurationPlatforms) = preSolution
		Debug|Any CPU = Debug|Any CPU
		Debug|Mixed Platforms = Debug|Mixed Platforms
		Debug|x86 = Debug|x86
		Release|Any CPU = Release|Any CPU
		Release|Mixed Platforms = Release|Mixed Platforms
		Release|x86 = Release|x86
	EndGlobalSection
	GlobalSection(ProjectConfigurationPlatforms) = postSolution
		{985FF692-96D8-4178-8D52-6302FFAFBE71}.Debug|Any CPU.ActiveCfg = Debug|x86
		{985FF692-96D8-4178-8D52-6302FFAFBE71}.Debug|Mixed Platforms.ActiveCfg = Debug|x86
		{985FF692-96D8-4178-8D52-6302FFAFBE71}.Debug|Mixed Platforms.Build.0 = Debug|x86
		{985FF692-96D8-4178-8D52-6302FFAFBE71}.Debug|x86.ActiveCfg = Debug|x86
		{985FF692-96D8-4178-8D52-6302FFAFBE71}.Debug|x86.Build.0 = Debug|x86
		{985FF692-96D8-4178-8D52-6302FFAFBE71}.Release|Any CPU.ActiveCfg = Release|x86
		{985FF692-96D8-4178-8D52-6302FFAFBE71}.Release|Mixed Platforms.ActiveCfg = Release|x86
		{985FF692-96D8-4178-8D52-6302FFAFBE71}.Release|Mixed Platforms.Build.0 = Release|x86
		{985FF692-96D8-4178-8D52-6302FFAFBE71}.Release|x86.ActiveCfg = Release|x86
		{985FF692-96D8-4178-8D52-6302FFAFBE71}.Release|x86.Build.0 = Release|x86
		{49C4AB0D-514B-4CC0-A128-5C4CD8B45570}.Debug|Any CPU.ActiveCfg = Debug
		{49C4AB0D-514B-4CC0-A128-5C4CD8B45570}.Debug|Any CPU.Build.0 = Debug
		{49C4AB0D-514B-4CC0-A128-5C4CD8B45570}.Debug|Mixed Platforms.ActiveCfg = Debug
		{49C4AB0D-514B-4CC0-A128-5C4CD8B45570}.Debug|Mixed Platforms.Build.0 = Debug
		{49C4AB0D-514B-4CC0-A128-5C4CD8B45570}.Debug|x86.ActiveCfg = Debug
		{49C4AB0D-514B-4CC0-A128-5C4CD8B45570}.Release|Any CPU.ActiveCfg = Release
		{49C4AB0D-514B-4CC0-A128-5C4CD8B45570}.Release|Any CPU.Build.0 = Release
		{49C4AB0D-514B-4CC0-A128-5C4CD8B45570}.Release|Mixed Platforms.ActiveCfg = Release
		{49C4AB0D-514B-4CC0-A128-5C4CD8B45570}.Release|Mixed Platforms.Build.0 = Release
		{49C4AB0D-514B-4CC0-A128-5C4CD8B45570}.Release|x86.ActiveCfg = Release
		{AE2E4C82-542F-411E-A6C9-B7575273C6CC}.Debug|Any CPU.ActiveCfg = Debug|x86
		{AE2E4C82-542F-411E-A6C9-B7575273C6CC}.Debug|Mixed Platforms.ActiveCfg = Debug|x86
		{AE2E4C82-542F-411E-A6C9-B7575273C6CC}.Debug|Mixed Platforms.Build.0 = Debug|x86
		{AE2E4C82-542F-411E-A6C9-B7575273C6CC}.Debug|x86.ActiveCfg = Debug|x86
		{AE2E4C82-542F-411E-A6C9-B7575273C6CC}.Debug|x86.Build.0 = Debug|x86
		{AE2E4C82-542F-411E-A6C9-B7575273C6CC}.Release|Any CPU.ActiveCfg = Release|x86
		{AE2E4C82-542F-411E-A6C9-B7575273C6CC}.Release|Mixed Platforms.ActiveCfg = Release|x86
		{AE2E4C82-542F-411E-A6C9-B7575273C6CC}.Release|Mixed Platforms.Build.0 = Release|x86
		{AE2E4C82-542F-411E-A6C9-B7575273C6CC}.Release|x86.ActiveCfg = Release|x86
		{AE2E4C82-542F-411E-A6C9-B7575273C6CC}.Release|x86.Build.0 = Release|x86
		{A7C3FE51-591C-4D04-A989-E34109BE6F5C}.Debug|Any CPU.ActiveCfg = Debug|Any CPU
		{A7C3FE51-591C-4D04-A989-E34109BE6F5C}.Debug|Any CPU.Build.0 = Debug|Any CPU
		{A7C3FE51-591C-4D04-A989-E34109BE6F5C}.Debug|Mixed Platforms.ActiveCfg = Debug|Any CPU
		{A7C3FE51-591C-4D04-A989-E34109BE6F5C}.Debug|Mixed Platforms.Build.0 = Debug|Any CPU
		{A7C3FE51-591C-4D04-A989-E34109BE6F5C}.Debug|x86.ActiveCfg = Debug|Any CPU
		{A7C3FE51-591C-4D04-A989-E34109BE6F5C}.Release|Any CPU.ActiveCfg = Release|Any CPU
		{A7C3FE51-591C-4D04-A989-E34109BE6F5C}.Release|Any CPU.Build.0 = Release|Any CPU
		{A7C3FE51-591C-4D04-A989-E34109BE6F5C}.Release|Mixed Platforms.ActiveCfg = Release|Any CPU
		{A7C3FE51-591C-4D04-A989-E34109BE6F5C}.Release|Mixed Platforms.Build.0 = Release|Any CPU
		{A7C3FE51-591C-4D04-A989-E34109BE6F5C}.Release|x86.ActiveCfg = Release|Any CPU
		{642B19E3-D64F-4314-AB53-ACD48B4995AC}.Debug|Any CPU.ActiveCfg = Debug|x86
		{642B19E3-D64F-4314-AB53-ACD48B4995AC}.Debug|Mixed Platforms.ActiveCfg = Debug|x86
		{642B19E3-D64F-4314-AB53-ACD48B4995AC}.Debug|Mixed Platforms.Build.0 = Debug|x86
		{642B19E3-D64F-4314-AB53-ACD48B4995AC}.Debug|x86.ActiveCfg = Debug|x86
		{642B19E3-D64F-4314-AB53-ACD48B4995AC}.Debug|x86.Build.0 = Debug|x86
		{642B19E3-D64F-4314-AB53-ACD48B4995AC}.Release|Any CPU.ActiveCfg = Release|x86
		{642B19E3-D64F-4314-AB53-ACD48B4995AC}.Release|Mixed Platforms.ActiveCfg = Release|x86
		{642B19E3-D64F-4314-AB53-ACD48B4995AC}.Release|Mixed Platforms.Build.0 = Release|x86
		{642B19E3-D64F-4314-AB53-ACD48B4995AC}.Release|x86.ActiveCfg = Release|x86
		{642B19E3-D64F-4314-AB53-ACD48B4995AC}.Release|x86.Build.0 = Release|x86
		{68C87139-A65C-466F-99AC-6271FE078AF0}.Debug|Any CPU.ActiveCfg = Debug|Any CPU
		{68C87139-A65C-466F-99AC-6271FE078AF0}.Debug|Any CPU.Build.0 = Debug|Any CPU
		{68C87139-A65C-466F-99AC-6271FE078AF0}.Debug|Mixed Platforms.ActiveCfg = Debug|Any CPU
		{68C87139-A65C-466F-99AC-6271FE078AF0}.Debug|Mixed Platforms.Build.0 = Debug|Any CPU
		{68C87139-A65C-466F-99AC-6271FE078AF0}.Debug|x86.ActiveCfg = Debug|Any CPU
		{68C87139-A65C-466F-99AC-6271FE078AF0}.Release|Any CPU.ActiveCfg = Release|Any CPU
		{68C87139-A65C-466F-99AC-6271FE078AF0}.Release|Any CPU.Build.0 = Release|Any CPU
		{68C87139-A65C-466F-99AC-6271FE078AF0}.Release|Mixed Platforms.ActiveCfg = Release|Any CPU
		{68C87139-A65C-466F-99AC-6271FE078AF0}.Release|Mixed Platforms.Build.0 = Release|Any CPU
		{68C87139-A65C-466F-99AC-6271FE078AF0}.Release|x86.ActiveCfg = Release|Any CPU
		{5E5310A4-3BD2-4D91-8610-AF7464614B3E}.Debug|Any CPU.ActiveCfg = Debug|x86
		{5E5310A4-3BD2-4D91-8610-AF7464614B3E}.Debug|Mixed Platforms.ActiveCfg = Debug|x86
		{5E5310A4-3BD2-4D91-8610-AF7464614B3E}.Debug|Mixed Platforms.Build.0 = Debug|x86
		{5E5310A4-3BD2-4D91-8610-AF7464614B3E}.Debug|x86.ActiveCfg = Debug|x86
		{5E5310A4-3BD2-4D91-8610-AF7464614B3E}.Debug|x86.Build.0 = Debug|x86
		{5E5310A4-3BD2-4D91-8610-AF7464614B3E}.Release|Any CPU.ActiveCfg = Release|x86
		{5E5310A4-3BD2-4D91-8610-AF7464614B3E}.Release|Mixed Platforms.ActiveCfg = Release|x86
		{5E5310A4-3BD2-4D91-8610-AF7464614B3E}.Release|Mixed Platforms.Build.0 = Release|x86
		{5E5310A4-3BD2-4D91-8610-AF7464614B3E}.Release|x86.ActiveCfg = Release|x86
		{5E5310A4-3BD2-4D91-8610-AF7464614B3E}.Release|x86.Build.0 = Release|x86
		{02EB4852-346C-48E9-9E93-5D403B91A2B0}.Debug|Any CPU.ActiveCfg = Debug|Any CPU
		{02EB4852-346C-48E9-9E93-5D403B91A2B0}.Debug|Any CPU.Build.0 = Debug|Any CPU
		{02EB4852-346C-48E9-9E93-5D403B91A2B0}.Debug|Mixed Platforms.ActiveCfg = Debug|Any CPU
		{02EB4852-346C-48E9-9E93-5D403B91A2B0}.Debug|Mixed Platforms.Build.0 = Debug|Any CPU
		{02EB4852-346C-48E9-9E93-5D403B91A2B0}.Debug|x86.ActiveCfg = Debug|Any CPU
		{02EB4852-346C-48E9-9E93-5D403B91A2B0}.Release|Any CPU.ActiveCfg = Release|Any CPU
		{02EB4852-346C-48E9-9E93-5D403B91A2B0}.Release|Any CPU.Build.0 = Release|Any CPU
		{02EB4852-346C-48E9-9E93-5D403B91A2B0}.Release|Mixed Platforms.ActiveCfg = Release|Any CPU
		{02EB4852-346C-48E9-9E93-5D403B91A2B0}.Release|Mixed Platforms.Build.0 = Release|Any CPU
		{02EB4852-346C-48E9-9E93-5D403B91A2B0}.Release|x86.ActiveCfg = Release|Any CPU
	EndGlobalSection
	GlobalSection(SolutionProperties) = preSolution
		HideSolutionNode = FALSE
	EndGlobalSection
EndGlobal
